
Microsoft Visual Studio Solution File, Format Version 12.00
# Visual Studio 15
VisualStudioVersion = 15.0.28307.1831
MinimumVisualStudioVersion = 10.0.40219.1
Project("{FAE04EC0-301F-11D3-BF4B-00C04F79EFBC}") = "RandomSerialData", "RandomSerialData\RandomSerialData.csproj", "{9F3ED790-9076-4C2B-9479-3B5E389A3D5A}"
EndProject
Global
	GlobalSection(SolutionConfigurationPlatforms) = preSolution
		Debug|Any CPU = Debug|Any CPU
		Release|Any CPU = Release|Any CPU
	EndGlobalSection
	GlobalSection(ProjectConfigurationPlatforms) = postSolution
		{9F3ED790-9076-4C2B-9479-3B5E389A3D5A}.Debug|Any CPU.ActiveCfg = Debug|Any CPU
		{9F3ED790-9076-4C2B-9479-3B5E389A3D5A}.Debug|Any CPU.Build.0 = Debug|Any CPU
		{9F3ED790-9076-4C2B-9479-3B5E389A3D5A}.Release|Any CPU.ActiveCfg = Release|Any CPU
		{9F3ED790-9076-4C2B-9479-3B5E389A3D5A}.Release|Any CPU.Build.0 = Release|Any CPU
	EndGlobalSection
	GlobalSection(SolutionProperties) = preSolution
		HideSolutionNode = FALSE
	EndGlobalSection
	GlobalSection(ExtensibilityGlobals) = postSolution
		SolutionGuid = {4FF27613-A363-44E0-9155-257826BC74F1}
	EndGlobalSection
EndGlobal
